// !$*UTF8*$!
{
	archiveVersion = 1;
	classes = {
	};
	objectVersion = 55;
	objects = {

/* Begin PBXBuildFile section */
		3A4A36DF277068CA00323806 /* AppDelegate.swift in Sources */ = {isa = PBXBuildFile; fileRef = 3A4A36DE277068CA00323806 /* AppDelegate.swift */; };
		3A4A36E1277068CA00323806 /* SceneDelegate.swift in Sources */ = {isa = PBXBuildFile; fileRef = 3A4A36E0277068CA00323806 /* SceneDelegate.swift */; };
		3A4A36E3277068CA00323806 /* ViewController.swift in Sources */ = {isa = PBXBuildFile; fileRef = 3A4A36E2277068CA00323806 /* ViewController.swift */; };
		3A4A36E6277068CA00323806 /* Main.storyboard in Resources */ = {isa = PBXBuildFile; fileRef = 3A4A36E4277068CA00323806 /* Main.storyboard */; };
		3A4A36E9277068CA00323806 /* Sports_and_Players.xcdatamodeld in Sources */ = {isa = PBXBuildFile; fileRef = 3A4A36E7277068CA00323806 /* Sports_and_Players.xcdatamodeld */; };
		3A4A36EB277068CB00323806 /* Assets.xcassets in Resources */ = {isa = PBXBuildFile; fileRef = 3A4A36EA277068CB00323806 /* Assets.xcassets */; };
		3A4A36EE277068CB00323806 /* LaunchScreen.storyboard in Resources */ = {isa = PBXBuildFile; fileRef = 3A4A36EC277068CB00323806 /* LaunchScreen.storyboard */; };
		3A4A36F9277068CC00323806 /* Sports_and_PlayersTests.swift in Sources */ = {isa = PBXBuildFile; fileRef = 3A4A36F8277068CC00323806 /* Sports_and_PlayersTests.swift */; };
		3A4A3703277068CC00323806 /* Sports_and_PlayersUITests.swift in Sources */ = {isa = PBXBuildFile; fileRef = 3A4A3702277068CC00323806 /* Sports_and_PlayersUITests.swift */; };
		3A4A3705277068CC00323806 /* Sports_and_PlayersUITestsLaunchTests.swift in Sources */ = {isa = PBXBuildFile; fileRef = 3A4A3704277068CC00323806 /* Sports_and_PlayersUITestsLaunchTests.swift */; };
		3A63E5B92770EE1E00205C27 /* SportTableViewController.swift in Sources */ = {isa = PBXBuildFile; fileRef = 3A63E5B82770EE1E00205C27 /* SportTableViewController.swift */; };
		3A63E5BB2770EE3200205C27 /* PlayerTableViewController.swift in Sources */ = {isa = PBXBuildFile; fileRef = 3A63E5BA2770EE3200205C27 /* PlayerTableViewController.swift */; };
		3A63E5BD2770EEDC00205C27 /* main	TableViewCell.swift in Sources */ = {isa = PBXBuildFile; fileRef = 3A63E5BC2770EEDC00205C27 /* main	TableViewCell.swift */; };
		3ABBCEC4277330140008F7A5 /* Player+CoreDataClass.swift in Sources */ = {isa = PBXBuildFile; fileRef = 3ABBCEC0277330140008F7A5 /* Player+CoreDataClass.swift */; };
		3ABBCEC5277330140008F7A5 /* Player+CoreDataProperties.swift in Sources */ = {isa = PBXBuildFile; fileRef = 3ABBCEC1277330140008F7A5 /* Player+CoreDataProperties.swift */; };
		3ABBCEC6277330140008F7A5 /* Sport+CoreDataClass.swift in Sources */ = {isa = PBXBuildFile; fileRef = 3ABBCEC2277330140008F7A5 /* Sport+CoreDataClass.swift */; };
		3ABBCEC7277330140008F7A5 /* Sport+CoreDataProperties.swift in Sources */ = {isa = PBXBuildFile; fileRef = 3ABBCEC3277330140008F7A5 /* Sport+CoreDataProperties.swift */; };
/* End PBXBuildFile section */

/* Begin PBXContainerItemProxy section */
		3A4A36F5277068CC00323806 /* PBXContainerItemProxy */ = {
			isa = PBXContainerItemProxy;
			containerPortal = 3A4A36D3277068CA00323806 /* Project object */;
			proxyType = 1;
			remoteGlobalIDString = 3A4A36DA277068CA00323806;
			remoteInfo = "Sports and Players";
		};
		3A4A36FF277068CC00323806 /* PBXContainerItemProxy */ = {
			isa = PBXContainerItemProxy;
			containerPortal = 3A4A36D3277068CA00323806 /* Project object */;
			proxyType = 1;
			remoteGlobalIDString = 3A4A36DA277068CA00323806;
			remoteInfo = "Sports and Players";
		};
/* End PBXContainerItemProxy section */

/* Begin PBXFileReference section */
		3A4A36DB277068CA00323806 /* Sports and Players.app */ = {isa = PBXFileReference; explicitFileType = wrapper.application; includeInIndex = 0; path = "Sports and Players.app"; sourceTree = BUILT_PRODUCTS_DIR; };
		3A4A36DE277068CA00323806 /* AppDelegate.swift */ = {isa = PBXFileReference; lastKnownFileType = sourcecode.swift; path = AppDelegate.swift; sourceTree = "<group>"; };
		3A4A36E0277068CA00323806 /* SceneDelegate.swift */ = {isa = PBXFileReference; lastKnownFileType = sourcecode.swift; path = SceneDelegate.swift; sourceTree = "<group>"; };
		3A4A36E2277068CA00323806 /* ViewController.swift */ = {isa = PBXFileReference; lastKnownFileType = sourcecode.swift; path = ViewController.swift; sourceTree = "<group>"; };
		3A4A36E5277068CA00323806 /* Base */ = {isa = PBXFileReference; lastKnownFileType = file.storyboard; name = Base; path = Base.lproj/Main.storyboard; sourceTree = "<group>"; };
		3A4A36E8277068CA00323806 /* Sports_and_Players.xcdatamodel */ = {isa = PBXFileReference; lastKnownFileType = wrapper.xcdatamodel; path = Sports_and_Players.xcdatamodel; sourceTree = "<group>"; };
		3A4A36EA277068CB00323806 /* Assets.xcassets */ = {isa = PBXFileReference; lastKnownFileType = folder.assetcatalog; path = Assets.xcassets; sourceTree = "<group>"; };
		3A4A36ED277068CB00323806 /* Base */ = {isa = PBXFileReference; lastKnownFileType = file.storyboard; name = Base; path = Base.lproj/LaunchScreen.storyboard; sourceTree = "<group>"; };
		3A4A36EF277068CB00323806 /* Info.plist */ = {isa = PBXFileReference; lastKnownFileType = text.plist.xml; path = Info.plist; sourceTree = "<group>"; };
		3A4A36F4277068CC00323806 /* Sports and PlayersTests.xctest */ = {isa = PBXFileReference; explicitFileType = wrapper.cfbundle; includeInIndex = 0; path = "Sports and PlayersTests.xctest"; sourceTree = BUILT_PRODUCTS_DIR; };
		3A4A36F8277068CC00323806 /* Sports_and_PlayersTests.swift */ = {isa = PBXFileReference; lastKnownFileType = sourcecode.swift; path = Sports_and_PlayersTests.swift; sourceTree = "<group>"; };
		3A4A36FE277068CC00323806 /* Sports and PlayersUITests.xctest */ = {isa = PBXFileReference; explicitFileType = wrapper.cfbundle; includeInIndex = 0; path = "Sports and PlayersUITests.xctest"; sourceTree = BUILT_PRODUCTS_DIR; };
		3A4A3702277068CC00323806 /* Sports_and_PlayersUITests.swift */ = {isa = PBXFileReference; lastKnownFileType = sourcecode.swift; path = Sports_and_PlayersUITests.swift; sourceTree = "<group>"; };
		3A4A3704277068CC00323806 /* Sports_and_PlayersUITestsLaunchTests.swift */ = {isa = PBXFileReference; lastKnownFileType = sourcecode.swift; path = Sports_and_PlayersUITestsLaunchTests.swift; sourceTree = "<group>"; };
		3A63E5B82770EE1E00205C27 /* SportTableViewController.swift */ = {isa = PBXFileReference; lastKnownFileType = sourcecode.swift; path = SportTableViewController.swift; sourceTree = "<group>"; };
		3A63E5BA2770EE3200205C27 /* PlayerTableViewController.swift */ = {isa = PBXFileReference; lastKnownFileType = sourcecode.swift; path = PlayerTableViewController.swift; sourceTree = "<group>"; };
		3A63E5BC2770EEDC00205C27 /* main	TableViewCell.swift */ = {isa = PBXFileReference; lastKnownFileType = sourcecode.swift; path = "main\tTableViewCell.swift"; sourceTree = "<group>"; };
		3ABBCEC0277330140008F7A5 /* Player+CoreDataClass.swift */ = {isa = PBXFileReference; lastKnownFileType = sourcecode.swift; path = "Player+CoreDataClass.swift"; sourceTree = "<group>"; };
		3ABBCEC1277330140008F7A5 /* Player+CoreDataProperties.swift */ = {isa = PBXFileReference; lastKnownFileType = sourcecode.swift; path = "Player+CoreDataProperties.swift"; sourceTree = "<group>"; };
		3ABBCEC2277330140008F7A5 /* Sport+CoreDataClass.swift */ = {isa = PBXFileReference; lastKnownFileType = sourcecode.swift; path = "Sport+CoreDataClass.swift"; sourceTree = "<group>"; };
		3ABBCEC3277330140008F7A5 /* Sport+CoreDataProperties.swift */ = {isa = PBXFileReference; lastKnownFileType = sourcecode.swift; path = "Sport+CoreDataProperties.swift"; sourceTree = "<group>"; };
/* End PBXFileReference section */

/* Begin PBXFrameworksBuildPhase section */
		3A4A36D8277068CA00323806 /* Frameworks */ = {
			isa = PBXFrameworksBuildPhase;
			buildActionMask = 2147483647;
			files = (
			);
			runOnlyForDeploymentPostprocessing = 0;
		};
		3A4A36F1277068CC00323806 /* Frameworks */ = {
			isa = PBXFrameworksBuildPhase;
			buildActionMask = 2147483647;
			files = (
			);
			runOnlyForDeploymentPostprocessing = 0;
		};
		3A4A36FB277068CC00323806 /* Frameworks */ = {
			isa = PBXFrameworksBuildPhase;
			buildActionMask = 2147483647;
			files = (
			);
			runOnlyForDeploymentPostprocessing = 0;
		};
/* End PBXFrameworksBuildPhase section */

/* Begin PBXGroup section */
		3A4A36D2277068CA00323806 = {
			isa = PBXGroup;
			children = (
				3A4A36DD277068CA00323806 /* Sports and Players */,
				3A4A36F7277068CC00323806 /* Sports and PlayersTests */,
				3A4A3701277068CC00323806 /* Sports and PlayersUITests */,
				3A4A36DC277068CA00323806 /* Products */,
			);
			sourceTree = "<group>";
		};
		3A4A36DC277068CA00323806 /* Products */ = {
			isa = PBXGroup;
			children = (
				3A4A36DB277068CA00323806 /* Sports and Players.app */,
				3A4A36F4277068CC00323806 /* Sports and PlayersTests.xctest */,
				3A4A36FE277068CC00323806 /* Sports and PlayersUITests.xctest */,
			);
			name = Products;
			sourceTree = "<group>";
		};
		3A4A36DD277068CA00323806 /* Sports and Players */ = {
			isa = PBXGroup;
			children = (
				3ABBCEC0277330140008F7A5 /* Player+CoreDataClass.swift */,
				3ABBCEC1277330140008F7A5 /* Player+CoreDataProperties.swift */,
				3ABBCEC2277330140008F7A5 /* Sport+CoreDataClass.swift */,
				3ABBCEC3277330140008F7A5 /* Sport+CoreDataProperties.swift */,
				3A4A36DE277068CA00323806 /* AppDelegate.swift */,
				3A4A36E0277068CA00323806 /* SceneDelegate.swift */,
				3A4A36E2277068CA00323806 /* ViewController.swift */,
				3A4A36E4277068CA00323806 /* Main.storyboard */,
				3A63E5B82770EE1E00205C27 /* SportTableViewController.swift */,
				3A63E5BC2770EEDC00205C27 /* main	TableViewCell.swift */,
				3A63E5BA2770EE3200205C27 /* PlayerTableViewController.swift */,
				3A4A36EA277068CB00323806 /* Assets.xcassets */,
				3A4A36EC277068CB00323806 /* LaunchScreen.storyboard */,
				3A4A36EF277068CB00323806 /* Info.plist */,
				3A4A36E7277068CA00323806 /* Sports_and_Players.xcdatamodeld */,
			);
			path = "Sports and Players";
			sourceTree = "<group>";
		};
		3A4A36F7277068CC00323806 /* Sports and PlayersTests */ = {
			isa = PBXGroup;
			children = (
				3A4A36F8277068CC00323806 /* Sports_and_PlayersTests.swift */,
			);
			path = "Sports and PlayersTests";
			sourceTree = "<group>";
		};
		3A4A3701277068CC00323806 /* Sports and PlayersUITests */ = {
			isa = PBXGroup;
			children = (
				3A4A3702277068CC00323806 /* Sports_and_PlayersUITests.swift */,
				3A4A3704277068CC00323806 /* Sports_and_PlayersUITestsLaunchTests.swift */,
			);
			path = "Sports and PlayersUITests";
			sourceTree = "<group>";
		};
/* End PBXGroup section */

/* Begin PBXNativeTarget section */
		3A4A36DA277068CA00323806 /* Sports and Players */ = {
			isa = PBXNativeTarget;
			buildConfigurationList = 3A4A3708277068CC00323806 /* Build configuration list for PBXNativeTarget "Sports and Players" */;
			buildPhases = (
				3A4A36D7277068CA00323806 /* Sources */,
				3A4A36D8277068CA00323806 /* Frameworks */,
				3A4A36D9277068CA00323806 /* Resources */,
			);
			buildRules = (
			);
			dependencies = (
			);
			name = "Sports and Players";
			productName = "Sports and Players";
			productReference = 3A4A36DB277068CA00323806 /* Sports and Players.app */;
			productType = "com.apple.product-type.application";
		};
		3A4A36F3277068CC00323806 /* Sports and PlayersTests */ = {
			isa = PBXNativeTarget;
			buildConfigurationList = 3A4A370B277068CC00323806 /* Build configuration list for PBXNativeTarget "Sports and PlayersTests" */;
			buildPhases = (
				3A4A36F0277068CC00323806 /* Sources */,
				3A4A36F1277068CC00323806 /* Frameworks */,
				3A4A36F2277068CC00323806 /* Resources */,
			);
			buildRules = (
			);
			dependencies = (
				3A4A36F6277068CC00323806 /* PBXTargetDependency */,
			);
			name = "Sports and PlayersTests";
			productName = "Sports and PlayersTests";
			productReference = 3A4A36F4277068CC00323806 /* Sports and PlayersTests.xctest */;
			productType = "com.apple.product-type.bundle.unit-test";
		};
		3A4A36FD277068CC00323806 /* Sports and PlayersUITests */ = {
			isa = PBXNativeTarget;
			buildConfigurationList = 3A4A370E277068CC00323806 /* Build configuration list for PBXNativeTarget "Sports and PlayersUITests" */;
			buildPhases = (
				3A4A36FA277068CC00323806 /* Sources */,
				3A4A36FB277068CC00323806 /* Frameworks */,
				3A4A36FC277068CC00323806 /* Resources */,
			);
			buildRules = (
			);
			dependencies = (
				3A4A3700277068CC00323806 /* PBXTargetDependency */,
			);
			name = "Sports and PlayersUITests";
			productName = "Sports and PlayersUITests";
			productReference = 3A4A36FE277068CC00323806 /* Sports and PlayersUITests.xctest */;
			productType = "com.apple.product-type.bundle.ui-testing";
		};
/* End PBXNativeTarget section */

/* Begin PBXProject section */
		3A4A36D3277068CA00323806 /* Project object */ = {
			isa = PBXProject;
			attributes = {
				BuildIndependentTargetsInParallel = 1;
				LastSwiftUpdateCheck = 1310;
				LastUpgradeCheck = 1310;
				TargetAttributes = {
					3A4A36DA277068CA00323806 = {
						CreatedOnToolsVersion = 13.1;
					};
					3A4A36F3277068CC00323806 = {
						CreatedOnToolsVersion = 13.1;
						TestTargetID = 3A4A36DA277068CA00323806;
					};
					3A4A36FD277068CC00323806 = {
						CreatedOnToolsVersion = 13.1;
						TestTargetID = 3A4A36DA277068CA00323806;
					};
				};
			};
			buildConfigurationList = 3A4A36D6277068CA00323806 /* Build configuration list for PBXProject "Sports and Players" */;
			compatibilityVersion = "Xcode 13.0";
			developmentRegion = en;
			hasScannedForEncodings = 0;
			knownRegions = (
				en,
				Base,
			);
			mainGroup = 3A4A36D2277068CA00323806;
			productRefGroup = 3A4A36DC277068CA00323806 /* Products */;
			projectDirPath = "";
			projectRoot = "";
			targets = (
				3A4A36DA277068CA00323806 /* Sports and Players */,
				3A4A36F3277068CC00323806 /* Sports and PlayersTests */,
				3A4A36FD277068CC00323806 /* Sports and PlayersUITests */,
			);
		};
/* End PBXProject section */

/* Begin PBXResourcesBuildPhase section */
		3A4A36D9277068CA00323806 /* Resources */ = {
			isa = PBXResourcesBuildPhase;
			buildActionMask = 2147483647;
			files = (
				3A4A36EE277068CB00323806 /* LaunchScreen.storyboard in Resources */,
				3A4A36EB277068CB00323806 /* Assets.xcassets in Resources */,
				3A4A36E6277068CA00323806 /* Main.storyboard in Resources */,
			);
			runOnlyForDeploymentPostprocessing = 0;
		};
		3A4A36F2277068CC00323806 /* Resources */ = {
			isa = PBXResourcesBuildPhase;
			buildActionMask = 2147483647;
			files = (
			);
			runOnlyForDeploymentPostprocessing = 0;
		};
		3A4A36FC277068CC00323806 /* Resources */ = {
			isa = PBXResourcesBuildPhase;
			buildActionMask = 2147483647;
			files = (
			);
			runOnlyForDeploymentPostprocessing = 0;
		};
/* End PBXResourcesBuildPhase section */

/* Begin PBXSourcesBuildPhase section */
		3A4A36D7277068CA00323806 /* Sources */ = {
			isa = PBXSourcesBuildPhase;
			buildActionMask = 2147483647;
			files = (
				3A4A36E3277068CA00323806 /* ViewController.swift in Sources */,
				3A63E5B92770EE1E00205C27 /* SportTableViewController.swift in Sources */,
				3ABBCEC5277330140008F7A5 /* Player+CoreDataProperties.swift in Sources */,
				3A63E5BD2770EEDC00205C27 /* main	TableViewCell.swift in Sources */,
				3ABBCEC6277330140008F7A5 /* Sport+CoreDataClass.swift in Sources */,
				3A63E5BB2770EE3200205C27 /* PlayerTableViewController.swift in Sources */,
				3A4A36DF277068CA00323806 /* AppDelegate.swift in Sources */,
				3A4A36E1277068CA00323806 /* SceneDelegate.swift in Sources */,
				3ABBCEC4277330140008F7A5 /* Player+CoreDataClass.swift in Sources */,
				3ABBCEC7277330140008F7A5 /* Sport+CoreDataProperties.swift in Sources */,
				3A4A36E9277068CA00323806 /* Sports_and_Players.xcdatamodeld in Sources */,
			);
			runOnlyForDeploymentPostprocessing = 0;
		};
		3A4A36F0277068CC00323806 /* Sources */ = {
			isa = PBXSourcesBuildPhase;
			buildActionMask = 2147483647;
			files = (
				3A4A36F9277068CC00323806 /* Sports_and_PlayersTests.swift in Sources */,
			);
			runOnlyForDeploymentPostprocessing = 0;
		};
		3A4A36FA277068CC00323806 /* Sources */ = {
			isa = PBXSourcesBuildPhase;
			buildActionMask = 2147483647;
			files = (
				3A4A3705277068CC00323806 /* Sports_and_PlayersUITestsLaunchTests.swift in Sources */,
				3A4A3703277068CC00323806 /* Sports_and_PlayersUITests.swift in Sources */,
			);
			runOnlyForDeploymentPostprocessing = 0;
		};
/* End PBXSourcesBuildPhase section */

/* Begin PBXTargetDependency section */
		3A4A36F6277068CC00323806 /* PBXTargetDependency */ = {
			isa = PBXTargetDependency;
			target = 3A4A36DA277068CA00323806 /* Sports and Players */;
			targetProxy = 3A4A36F5277068CC00323806 /* PBXContainerItemProxy */;
		};
		3A4A3700277068CC00323806 /* PBXTargetDependency */ = {
			isa = PBXTargetDependency;
			target = 3A4A36DA277068CA00323806 /* Sports and Players */;
			targetProxy = 3A4A36FF277068CC00323806 /* PBXContainerItemProxy */;
		};
/* End PBXTargetDependency section */

/* Begin PBXVariantGroup section */
		3A4A36E4277068CA00323806 /* Main.storyboard */ = {
			isa = PBXVariantGroup;
			children = (
				3A4A36E5277068CA00323806 /* Base */,
			);
			name = Main.storyboard;
			sourceTree = "<group>";
		};
		3A4A36EC277068CB00323806 /* LaunchScreen.storyboard */ = {
			isa = PBXVariantGroup;
			children = (
				3A4A36ED277068CB00323806 /* Base */,
			);
			name = LaunchScreen.storyboard;
			sourceTree = "<group>";
		};
/* End PBXVariantGroup section */

/* Begin XCBuildConfiguration section */
		3A4A3706277068CC00323806 /* Debug */ = {
			isa = XCBuildConfiguration;
			buildSettings = {
				ALWAYS_SEARCH_USER_PATHS = NO;
				CLANG_ANALYZER_NONNULL = YES;
				CLANG_ANALYZER_NUMBER_OBJECT_CONVERSION = YES_AGGRESSIVE;
				CLANG_CXX_LANGUAGE_STANDARD = "gnu++17";
				CLANG_CXX_LIBRARY = "libc++";
				CLANG_ENABLE_MODULES = YES;
				CLANG_ENABLE_OBJC_ARC = YES;
				CLANG_ENABLE_OBJC_WEAK = YES;
				CLANG_WARN_BLOCK_CAPTURE_AUTORELEASING = YES;
				CLANG_WARN_BOOL_CONVERSION = YES;
				CLANG_WARN_COMMA = YES;
				CLANG_WARN_CONSTANT_CONVERSION = YES;
				CLANG_WARN_DEPRECATED_OBJC_IMPLEMENTATIONS = YES;
				CLANG_WARN_DIRECT_OBJC_ISA_USAGE = YES_ERROR;
				CLANG_WARN_DOCUMENTATION_COMMENTS = YES;
				CLANG_WARN_EMPTY_BODY = YES;
				CLANG_WARN_ENUM_CONVERSION = YES;
				CLANG_WARN_INFINITE_RECURSION = YES;
				CLANG_WARN_INT_CONVERSION = YES;
				CLANG_WARN_NON_LITERAL_NULL_CONVERSION = YES;
				CLANG_WARN_OBJC_IMPLICIT_RETAIN_SELF = YES;
				CLANG_WARN_OBJC_LITERAL_CONVERSION = YES;
				CLANG_WARN_OBJC_ROOT_CLASS = YES_ERROR;
				CLANG_WARN_QUOTED_INCLUDE_IN_FRAMEWORK_HEADER = YES;
				CLANG_WARN_RANGE_LOOP_ANALYSIS = YES;
				CLANG_WARN_STRICT_PROTOTYPES = YES;
				CLANG_WARN_SUSPICIOUS_MOVE = YES;
				CLANG_WARN_UNGUARDED_AVAILABILITY = YES_AGGRESSIVE;
				CLANG_WARN_UNREACHABLE_CODE = YES;
				CLANG_WARN__DUPLICATE_METHOD_MATCH = YES;
				COPY_PHASE_STRIP = NO;
				DEBUG_INFORMATION_FORMAT = dwarf;
				ENABLE_STRICT_OBJC_MSGSEND = YES;
				ENABLE_TESTABILITY = YES;
				GCC_C_LANGUAGE_STANDARD = gnu11;
				GCC_DYNAMIC_NO_PIC = NO;
				GCC_NO_COMMON_BLOCKS = YES;
				GCC_OPTIMIZATION_LEVEL = 0;
				GCC_PREPROCESSOR_DEFINITIONS = (
					"DEBUG=1",
					"$(inherited)",
				);
				GCC_WARN_64_TO_32_BIT_CONVERSION = YES;
				GCC_WARN_ABOUT_RETURN_TYPE = YES_ERROR;
				GCC_WARN_UNDECLARED_SELECTOR = YES;
				GCC_WARN_UNINITIALIZED_AUTOS = YES_AGGRESSIVE;
				GCC_WARN_UNUSED_FUNCTION = YES;
				GCC_WARN_UNUSED_VARIABLE = YES;
				IPHONEOS_DEPLOYMENT_TARGET = 15.0;
				MTL_ENABLE_DEBUG_INFO = INCLUDE_SOURCE;
				MTL_FAST_MATH = YES;
				ONLY_ACTIVE_ARCH = YES;
				SDKROOT = iphoneos;
				SWIFT_ACTIVE_COMPILATION_CONDITIONS = DEBUG;
				SWIFT_OPTIMIZATION_LEVEL = "-Onone";
			};
			name = Debug;
		};
		3A4A3707277068CC00323806 /* Release */ = {
			isa = XCBuildConfiguration;
			buildSettings = {
				ALWAYS_SEARCH_USER_PATHS = NO;
				CLANG_ANALYZER_NONNULL = YES;
				CLANG_ANALYZER_NUMBER_OBJECT_CONVERSION = YES_AGGRESSIVE;
				CLANG_CXX_LANGUAGE_STANDARD = "gnu++17";
				CLANG_CXX_LIBRARY = "libc++";
				CLANG_ENABLE_MODULES = YES;
				CLANG_ENABLE_OBJC_ARC = YES;
				CLANG_ENABLE_OBJC_WEAK = YES;
				CLANG_WARN_BLOCK_CAPTURE_AUTORELEASING = YES;
				CLANG_WARN_BOOL_CONVERSION = YES;
				CLANG_WARN_COMMA = YES;
				CLANG_WARN_CONSTANT_CONVERSION = YES;
				CLANG_WARN_DEPRECATED_OBJC_IMPLEMENTATIONS = YES;
				CLANG_WARN_DIRECT_OBJC_ISA_USAGE = YES_ERROR;
				CLANG_WARN_DOCUMENTATION_COMMENTS = YES;
				CLANG_WARN_EMPTY_BODY = YES;
				CLANG_WARN_ENUM_CONVERSION = YES;
				CLANG_WARN_INFINITE_RECURSION = YES;
				CLANG_WARN_INT_CONVERSION = YES;
				CLANG_WARN_NON_LITERAL_NULL_CONVERSION = YES;
				CLANG_WARN_OBJC_IMPLICIT_RETAIN_SELF = YES;
				CLANG_WARN_OBJC_LITERAL_CONVERSION = YES;
				CLANG_WARN_OBJC_ROOT_CLASS = YES_ERROR;
				CLANG_WARN_QUOTED_INCLUDE_IN_FRAMEWORK_HEADER = YES;
				CLANG_WARN_RANGE_LOOP_ANALYSIS = YES;
				CLANG_WARN_STRICT_PROTOTYPES = YES;
				CLANG_WARN_SUSPICIOUS_MOVE = YES;
				CLANG_WARN_UNGUARDED_AVAILABILITY = YES_AGGRESSIVE;
				CLANG_WARN_UNREACHABLE_CODE = YES;
				CLANG_WARN__DUPLICATE_METHOD_MATCH = YES;
				COPY_PHASE_STRIP = NO;
				DEBUG_INFORMATION_FORMAT = "dwarf-with-dsym";
				ENABLE_NS_ASSERTIONS = NO;
				ENABLE_STRICT_OBJC_MSGSEND = YES;
				GCC_C_LANGUAGE_STANDARD = gnu11;
				GCC_NO_COMMON_BLOCKS = YES;
				GCC_WARN_64_TO_32_BIT_CONVERSION = YES;
				GCC_WARN_ABOUT_RETURN_TYPE = YES_ERROR;
				GCC_WARN_UNDECLARED_SELECTOR = YES;
				GCC_WARN_UNINITIALIZED_AUTOS = YES_AGGRESSIVE;
				GCC_WARN_UNUSED_FUNCTION = YES;
				GCC_WARN_UNUSED_VARIABLE = YES;
				IPHONEOS_DEPLOYMENT_TARGET = 15.0;
				MTL_ENABLE_DEBUG_INFO = NO;
				MTL_FAST_MATH = YES;
				SDKROOT = iphoneos;
				SWIFT_COMPILATION_MODE = wholemodule;
				SWIFT_OPTIMIZATION_LEVEL = "-O";
				VALIDATE_PRODUCT = YES;
			};
			name = Release;
		};
		3A4A3709277068CC00323806 /* Debug */ = {
			isa = XCBuildConfiguration;
			buildSettings = {
				ASSETCATALOG_COMPILER_APPICON_NAME = AppIcon;
				ASSETCATALOG_COMPILER_GLOBAL_ACCENT_COLOR_NAME = AccentColor;
				CODE_SIGN_STYLE = Automatic;
				CURRENT_PROJECT_VERSION = 1;
				GENERATE_INFOPLIST_FILE = YES;
				INFOPLIST_FILE = "Sports and Players/Info.plist";
				INFOPLIST_KEY_UIApplicationSupportsIndirectInputEvents = YES;
				INFOPLIST_KEY_UILaunchStoryboardName = LaunchScreen;
				INFOPLIST_KEY_UIMainStoryboardFile = Main;
				INFOPLIST_KEY_UISupportedInterfaceOrientations_iPad = "UIInterfaceOrientationPortrait UIInterfaceOrientationPortraitUpsideDown UIInterfaceOrientationLandscapeLeft UIInterfaceOrientationLandscapeRight";
				INFOPLIST_KEY_UISupportedInterfaceOrientations_iPhone = "UIInterfaceOrientationPortrait UIInterfaceOrientationLandscapeLeft UIInterfaceOrientationLandscapeRight";
				LD_RUNPATH_SEARCH_PATHS = (
					"$(inherited)",
					"@executable_path/Frameworks",
				);
				MARKETING_VERSION = 1.0;
				PRODUCT_BUNDLE_IDENTIFIER = "faisal.Sports-and-Players";
				PRODUCT_NAME = "$(TARGET_NAME)";
				SWIFT_EMIT_LOC_STRINGS = YES;
				SWIFT_VERSION = 5.0;
				TARGETED_DEVICE_FAMILY = "1,2";
			};
			name = Debug;
		};
		3A4A370A277068CC00323806 /* Release */ = {
			isa = XCBuildConfiguration;
			buildSettings = {
				ASSETCATALOG_COMPILER_APPICON_NAME = AppIcon;
				ASSETCATALOG_COMPILER_GLOBAL_ACCENT_COLOR_NAME = AccentColor;
				CODE_SIGN_STYLE = Automatic;
				CURRENT_PROJECT_VERSION = 1;
				GENERATE_INFOPLIST_FILE = YES;
				INFOPLIST_FILE = "Sports and Players/Info.plist";
				INFOPLIST_KEY_UIApplicationSupportsIndirectInputEvents = YES;
				INFOPLIST_KEY_UILaunchStoryboardName = LaunchScreen;
				INFOPLIST_KEY_UIMainStoryboardFile = Main;
				INFOPLIST_KEY_UISupportedInterfaceOrientations_iPad = "UIInterfaceOrientationPortrait UIInterfaceOrientationPortraitUpsideDown UIInterfaceOrientationLandscapeLeft UIInterfaceOrientationLandscapeRight";
				INFOPLIST_KEY_UISupportedInterfaceOrientations_iPhone = "UIInterfaceOrientationPortrait UIInterfaceOrientationLandscapeLeft UIInterfaceOrientationLandscapeRight";
				LD_RUNPATH_SEARCH_PATHS = (
					"$(inherited)",
					"@executable_path/Frameworks",
				);
				MARKETING_VERSION = 1.0;
				PRODUCT_BUNDLE_IDENTIFIER = "faisal.Sports-and-Players";
				PRODUCT_NAME = "$(TARGET_NAME)";
				SWIFT_EMIT_LOC_STRINGS = YES;
				SWIFT_VERSION = 5.0;
				TARGETED_DEVICE_FAMILY = "1,2";
			};
			name = Release;
		};
		3A4A370C277068CC00323806 /* Debug */ = {
			isa = XCBuildConfiguration;
			buildSettings = {
				ALWAYS_EMBED_SWIFT_STANDARD_LIBRARIES = YES;
				BUNDLE_LOADER = "$(TEST_HOST)";
				CODE_SIGN_STYLE = Automatic;
				CURRENT_PROJECT_VERSION = 1;
				GENERATE_INFOPLIST_FILE = YES;
				IPHONEOS_DEPLOYMENT_TARGET = 15.0;
				LD_RUNPATH_SEARCH_PATHS = (
					"$(inherited)",
					"@executable_path/Frameworks",
					"@loader_path/Frameworks",
				);
				MARKETING_VERSION = 1.0;
				PRODUCT_BUNDLE_IDENTIFIER = "faisal.Sports-and-PlayersTests";
				PRODUCT_NAME = "$(TARGET_NAME)";
				SWIFT_EMIT_LOC_STRINGS = NO;
				SWIFT_VERSION = 5.0;
				TARGETED_DEVICE_FAMILY = "1,2";
				TEST_HOST = "$(BUILT_PRODUCTS_DIR)/Sports and Players.app/Sports and Players";
			};
			name = Debug;
		};
		3A4A370D277068CC00323806 /* Release */ = {
			isa = XCBuildConfiguration;
			buildSettings = {
				ALWAYS_EMBED_SWIFT_STANDARD_LIBRARIES = YES;
				BUNDLE_LOADER = "$(TEST_HOST)";
				CODE_SIGN_STYLE = Automatic;
				CURRENT_PROJECT_VERSION = 1;
				GENERATE_INFOPLIST_FILE = YES;
				IPHONEOS_DEPLOYMENT_TARGET = 15.0;
				LD_RUNPATH_SEARCH_PATHS = (
					"$(inherited)",
					"@executable_path/Frameworks",
					"@loader_path/Frameworks",
				);
				MARKETING_VERSION = 1.0;
				PRODUCT_BUNDLE_IDENTIFIER = "faisal.Sports-and-PlayersTests";
				PRODUCT_NAME = "$(TARGET_NAME)";
				SWIFT_EMIT_LOC_STRINGS = NO;
				SWIFT_VERSION = 5.0;
				TARGETED_DEVICE_FAMILY = "1,2";
				TEST_HOST = "$(BUILT_PRODUCTS_DIR)/Sports and Players.app/Sports and Players";
			};
			name = Release;
		};
		3A4A370F277068CC00323806 /* Debug */ = {
			isa = XCBuildConfiguration;
			buildSettings = {
				ALWAYS_EMBED_SWIFT_STANDARD_LIBRARIES = YES;
				CODE_SIGN_STYLE = Automatic;
				CURRENT_PROJECT_VERSION = 1;
				GENERATE_INFOPLIST_FILE = YES;
				LD_RUNPATH_SEARCH_PATHS = (
					"$(inherited)",
					"@executable_path/Frameworks",
					"@loader_path/Frameworks",
				);
				MARKETING_VERSION = 1.0;
				PRODUCT_BUNDLE_IDENTIFIER = "faisal.Sports-and-PlayersUITests";
				PRODUCT_NAME = "$(TARGET_NAME)";
				SWIFT_EMIT_LOC_STRINGS = NO;
				SWIFT_VERSION = 5.0;
				TARGETED_DEVICE_FAMILY = "1,2";
				TEST_TARGET_NAME = "Sports and Players";
			};
			name = Debug;
		};
		3A4A3710277068CC00323806 /* Release */ = {
			isa = XCBuildConfiguration;
			buildSettings = {
				ALWAYS_EMBED_SWIFT_STANDARD_LIBRARIES = YES;
				CODE_SIGN_STYLE = Automatic;
				CURRENT_PROJECT_VERSION = 1;
				GENERATE_INFOPLIST_FILE = YES;
				LD_RUNPATH_SEARCH_PATHS = (
					"$(inherited)",
					"@executable_path/Frameworks",
					"@loader_path/Frameworks",
				);
				MARKETING_VERSION = 1.0;
				PRODUCT_BUNDLE_IDENTIFIER = "faisal.Sports-and-PlayersUITests";
				PRODUCT_NAME = "$(TARGET_NAME)";
				SWIFT_EMIT_LOC_STRINGS = NO;
				SWIFT_VERSION = 5.0;
				TARGETED_DEVICE_FAMILY = "1,2";
				TEST_TARGET_NAME = "Sports and Players";
			};
			name = Release;
		};
/* End XCBuildConfiguration section */

/* Begin XCConfigurationList section */
		3A4A36D6277068CA00323806 /* Build configuration list for PBXProject "Sports and Players" */ = {
			isa = XCConfigurationList;
			buildConfigurations = (
				3A4A3706277068CC00323806 /* Debug */,
				3A4A3707277068CC00323806 /* Release */,
			);
			defaultConfigurationIsVisible = 0;
			defaultConfigurationName = Release;
		};
		3A4A3708277068CC00323806 /* Build configuration list for PBXNativeTarget "Sports and Players" */ = {
			isa = XCConfigurationList;
			buildConfigurations = (
				3A4A3709277068CC00323806 /* Debug */,
				3A4A370A277068CC00323806 /* Release */,
			);
			defaultConfigurationIsVisible = 0;
			defaultConfigurationName = Release;
		};
		3A4A370B277068CC00323806 /* Build configuration list for PBXNativeTarget "Sports and PlayersTests" */ = {
			isa = XCConfigurationList;
			buildConfigurations = (
				3A4A370C277068CC00323806 /* Debug */,
				3A4A370D277068CC00323806 /* Release */,
			);
			defaultConfigurationIsVisible = 0;
			defaultConfigurationName = Release;
		};
		3A4A370E277068CC00323806 /* Build configuration list for PBXNativeTarget "Sports and PlayersUITests" */ = {
			isa = XCConfigurationList;
			buildConfigurations = (
				3A4A370F277068CC00323806 /* Debug */,
				3A4A3710277068CC00323806 /* Release */,
			);
			defaultConfigurationIsVisible = 0;
			defaultConfigurationName = Release;
		};
/* End XCConfigurationList section */

/* Begin XCVersionGroup section */
		3A4A36E7277068CA00323806 /* Sports_and_Players.xcdatamodeld */ = {
			isa = XCVersionGroup;
			children = (
				3A4A36E8277068CA00323806 /* Sports_and_Players.xcdatamodel */,
			);
			currentVersion = 3A4A36E8277068CA00323806 /* Sports_and_Players.xcdatamodel */;
			path = Sports_and_Players.xcdatamodeld;
			sourceTree = "<group>";
			versionGroupType = wrapper.xcdatamodel;
		};
/* End XCVersionGroup section */
	};
	rootObject = 3A4A36D3277068CA00323806 /* Project object */;
}
